{
  "version": "3",
  "redirects": {
    "https://esm.sh/@grammyjs/types@2": "https://esm.sh/@grammyjs/types@2.12.1",
    "https://lib.deno.dev/x/grammy@1.x/mod.ts": "https://deno.land/x/grammy@v1.23.0/mod.ts",
    "https://lib.deno.dev/x/grammy@^1.0/mod.ts": "https://deno.land/x/grammy@v1.23.0/mod.ts",
    "https://lib.deno.dev/x/grammy@v1/mod.ts": "https://deno.land/x/grammy@v1.23.0/mod.ts",
    "https://lib.deno.dev/x/grammy@v1/types.ts": "https://deno.land/x/grammy@v1.23.0/types.ts"
  },
  "remote": {
    "https://cdn.skypack.dev/-/debug@v4.3.4-o4liVvMlOnQWbLSYZMXw/dist=es2019,mode=imports/optimized/debug.js": "671100993996e39b501301a87000607916d4d2d9f8fc8e9c5200ae5ba64a1389",
    "https://cdn.skypack.dev/-/ms@v2.1.2-giBDZ1IA5lmQ3ZXaa87V/dist=es2019,mode=imports/optimized/ms.js": "fd88e2d51900437011f1ad232f3393ce97db1b87a7844b3c58dd6d65562c1276",
    "https://cdn.skypack.dev/debug@4.3.4": "7b1d010cc930f71b940ba5941da055bc181115229e29de7214bdb4425c68ea76",
    "https://deno.land/std@0.182.0/collections/filter_values.ts": "5b9feaf17b9a6e5ffccdd36cf6f38fa4ffa94cff2602d381c2ad0c2a97929652",
    "https://deno.land/std@0.182.0/collections/without_all.ts": "a89f5da0b5830defed4f59666e188df411d8fece35a5f6ca69be6ca71a95c185",
    "https://deno.land/std@0.182.0/dotenv/load.ts": "0636983549b98f29ab75c9a22a42d9723f0a389ece5498fe971e7bb2556a12e2",
    "https://deno.land/std@0.182.0/dotenv/mod.ts": "8dcbc8a40b896a0bf094582aaeadbfc76d3528872faf2efc0302beb1d2f6afd0",
    "https://deno.land/std@0.184.0/_util/asserts.ts": "178dfc49a464aee693a7e285567b3d0b555dc805ff490505a8aae34f9cfb1462",
    "https://deno.land/std@0.184.0/_util/os.ts": "d932f56d41e4f6a6093d56044e29ce637f8dcc43c5a90af43504a889cf1775e3",
    "https://deno.land/std@0.184.0/async/deferred.ts": "42790112f36a75a57db4a96d33974a936deb7b04d25c6084a9fa8a49f135def8",
    "https://deno.land/std@0.184.0/bytes/bytes_list.ts": "31d664f4d42fa922066405d0e421c56da89d751886ee77bbe25a88bf0310c9d0",
    "https://deno.land/std@0.184.0/bytes/copy.ts": "939d89e302a9761dcf1d9c937c7711174ed74c59eef40a1e4569a05c9de88219",
    "https://deno.land/std@0.184.0/io/buffer.ts": "17f4410eaaa60a8a85733e8891349a619eadfbbe42e2f319283ce2b8f29723ab",
    "https://deno.land/std@0.184.0/path/_constants.ts": "e49961f6f4f48039c0dfed3c3f93e963ca3d92791c9d478ac5b43183413136e0",
    "https://deno.land/std@0.184.0/path/_interface.ts": "6471159dfbbc357e03882c2266d21ef9afdb1e4aa771b0545e90db58a0ba314b",
    "https://deno.land/std@0.184.0/path/_util.ts": "d7abb1e0dea065f427b89156e28cdeb32b045870acdf865833ba808a73b576d0",
    "https://deno.land/std@0.184.0/path/common.ts": "ee7505ab01fd22de3963b64e46cff31f40de34f9f8de1fff6a1bd2fe79380000",
    "https://deno.land/std@0.184.0/path/glob.ts": "d479e0a695621c94d3fd7fe7abd4f9499caf32a8de13f25073451c6ef420a4e1",
    "https://deno.land/std@0.184.0/path/mod.ts": "bf718f19a4fdd545aee1b06409ca0805bd1b68ecf876605ce632e932fe54510c",
    "https://deno.land/std@0.184.0/path/posix.ts": "8b7c67ac338714b30c816079303d0285dd24af6b284f7ad63da5b27372a2c94d",
    "https://deno.land/std@0.184.0/path/separator.ts": "0fb679739d0d1d7bf45b68dacfb4ec7563597a902edbaf3c59b50d5bcadd93b1",
    "https://deno.land/std@0.184.0/path/win32.ts": "d186344e5583bcbf8b18af416d13d82b35a317116e6460a5a3953508c3de5bba",
    "https://deno.land/std@0.184.0/streams/_common.ts": "f45cba84f0d813de3326466095539602364a9ba521f804cc758f7a475cda692d",
    "https://deno.land/std@0.184.0/streams/buffer.ts": "d5b3d7d0299114e5b2ea895a8bf202a687fd915c5282f8096c7bae23b5a04407",
    "https://deno.land/std@0.184.0/streams/byte_slice_stream.ts": "225d57263a34325d7c96cb3dafeb478eec0e6fd05cd0458d678752eadd132bb4",
    "https://deno.land/std@0.184.0/streams/copy.ts": "75cbc795ff89291df22ddca5252de88b2e16d40c85d02840593386a8a1454f71",
    "https://deno.land/std@0.184.0/streams/delimiter_stream.ts": "f69e849b3d1f59f02424497273f411105a6f76a9f13da92aeeb9a2d554236814",
    "https://deno.land/std@0.184.0/streams/early_zip_readable_streams.ts": "4005fa74162b943f79899e5d7cb96adcbc0a6b867f9144974ed12d30e0a556e1",
    "https://deno.land/std@0.184.0/streams/iterate_reader.ts": "bbec1d45c2df2c0c5920bad0549351446fdc8e0886d99e95959b259dbcdb6072",
    "https://deno.land/std@0.184.0/streams/limited_bytes_transform_stream.ts": "05dc592ffaab83257494d22dd53917e56243c26e5e3129b3f13ddbbbc4785048",
    "https://deno.land/std@0.184.0/streams/limited_transform_stream.ts": "d69ab790232c1b86f53621ad41ef03c235f2abb4b7a1cd51960ad6e12ee55e38",
    "https://deno.land/std@0.184.0/streams/merge_readable_streams.ts": "5d6302888f4bb0616dafb5768771be0aec9bedc05fbae6b3d726d05ffbec5b15",
    "https://deno.land/std@0.184.0/streams/mod.ts": "c07ec010e700b9ea887dc36ca08729828bc7912f711e4054e24d33fd46282252",
    "https://deno.land/std@0.184.0/streams/read_all.ts": "ee319772fb0fd28302f97343cc48dfcf948f154fd0d755d8efe65814b70533be",
    "https://deno.land/std@0.184.0/streams/readable_stream_from_iterable.ts": "cd4bb9e9bf6dbe84c213beb1f5085c326624421671473e410cfaecad15f01865",
    "https://deno.land/std@0.184.0/streams/readable_stream_from_reader.ts": "bfc416c4576a30aac6b9af22c9dc292c20c6742141ee7c55b5e85460beb0c54e",
    "https://deno.land/std@0.184.0/streams/reader_from_iterable.ts": "55f68110dce3f8f2c87b834d95f153bc904257fc65175f9f2abe78455cb8047c",
    "https://deno.land/std@0.184.0/streams/reader_from_stream_reader.ts": "fa4971e5615a010e49492c5d1688ca1a4d17472a41e98b498ab89a64ebd7ac73",
    "https://deno.land/std@0.184.0/streams/text_delimiter_stream.ts": "20e680ab8b751390e359288ce764f9c47d164af11a263870746eeca4bc7d976b",
    "https://deno.land/std@0.184.0/streams/text_line_stream.ts": "0f2c4b33a5fdb2476f2e060974cba1347cefe99a4af33c28a57524b1a34750fa",
    "https://deno.land/std@0.184.0/streams/to_transform_stream.ts": "7f55fc0b14cf3ed0f8d10d8f41d05bdc40726e44a65c37f58705d10a615f0159",
    "https://deno.land/std@0.184.0/streams/writable_stream_from_writer.ts": "56fff5c82fb736fdd669b567cc0b2bbbe0351002cd13254eae26c366e2bed89a",
    "https://deno.land/std@0.184.0/streams/write_all.ts": "aec90152978581ea62d56bb53a5cbf487e6a89c902f87c5969681ffbdf32b998",
    "https://deno.land/std@0.184.0/streams/writer_from_stream_writer.ts": "07c7ee025151a190f37fc42cbb01ff93afc949119ebddc6e0d0df14df1bf6950",
    "https://deno.land/std@0.184.0/streams/zip_readable_streams.ts": "a9d81aa451240f79230add674809dbee038d93aabe286e2d9671e66591fc86ca",
    "https://deno.land/std@0.192.0/_util/asserts.ts": "178dfc49a464aee693a7e285567b3d0b555dc805ff490505a8aae34f9cfb1462",
    "https://deno.land/std@0.192.0/_util/os.ts": "d932f56d41e4f6a6093d56044e29ce637f8dcc43c5a90af43504a889cf1775e3",
    "https://deno.land/std@0.192.0/async/deferred.ts": "42790112f36a75a57db4a96d33974a936deb7b04d25c6084a9fa8a49f135def8",
    "https://deno.land/std@0.192.0/bytes/bytes_list.ts": "31d664f4d42fa922066405d0e421c56da89d751886ee77bbe25a88bf0310c9d0",
    "https://deno.land/std@0.192.0/bytes/copy.ts": "939d89e302a9761dcf1d9c937c7711174ed74c59eef40a1e4569a05c9de88219",
    "https://deno.land/std@0.192.0/io/buffer.ts": "17f4410eaaa60a8a85733e8891349a619eadfbbe42e2f319283ce2b8f29723ab",
    "https://deno.land/std@0.192.0/path/_constants.ts": "e49961f6f4f48039c0dfed3c3f93e963ca3d92791c9d478ac5b43183413136e0",
    "https://deno.land/std@0.192.0/path/_interface.ts": "6471159dfbbc357e03882c2266d21ef9afdb1e4aa771b0545e90db58a0ba314b",
    "https://deno.land/std@0.192.0/path/_util.ts": "d7abb1e0dea065f427b89156e28cdeb32b045870acdf865833ba808a73b576d0",
    "https://deno.land/std@0.192.0/path/common.ts": "ee7505ab01fd22de3963b64e46cff31f40de34f9f8de1fff6a1bd2fe79380000",
    "https://deno.land/std@0.192.0/path/glob.ts": "d479e0a695621c94d3fd7fe7abd4f9499caf32a8de13f25073451c6ef420a4e1",
    "https://deno.land/std@0.192.0/path/mod.ts": "f065032a7189404fdac3ad1a1551a9ac84751d2f25c431e101787846c86c79ef",
    "https://deno.land/std@0.192.0/path/posix.ts": "8b7c67ac338714b30c816079303d0285dd24af6b284f7ad63da5b27372a2c94d",
    "https://deno.land/std@0.192.0/path/separator.ts": "0fb679739d0d1d7bf45b68dacfb4ec7563597a902edbaf3c59b50d5bcadd93b1",
    "https://deno.land/std@0.192.0/path/win32.ts": "d186344e5583bcbf8b18af416d13d82b35a317116e6460a5a3953508c3de5bba",
    "https://deno.land/std@0.192.0/streams/_common.ts": "f45cba84f0d813de3326466095539602364a9ba521f804cc758f7a475cda692d",
    "https://deno.land/std@0.192.0/streams/buffer.ts": "d5b3d7d0299114e5b2ea895a8bf202a687fd915c5282f8096c7bae23b5a04407",
    "https://deno.land/std@0.192.0/streams/byte_slice_stream.ts": "225d57263a34325d7c96cb3dafeb478eec0e6fd05cd0458d678752eadd132bb4",
    "https://deno.land/std@0.192.0/streams/copy.ts": "75cbc795ff89291df22ddca5252de88b2e16d40c85d02840593386a8a1454f71",
    "https://deno.land/std@0.192.0/streams/delimiter_stream.ts": "f69e849b3d1f59f02424497273f411105a6f76a9f13da92aeeb9a2d554236814",
    "https://deno.land/std@0.192.0/streams/early_zip_readable_streams.ts": "4005fa74162b943f79899e5d7cb96adcbc0a6b867f9144974ed12d30e0a556e1",
    "https://deno.land/std@0.192.0/streams/iterate_reader.ts": "bbec1d45c2df2c0c5920bad0549351446fdc8e0886d99e95959b259dbcdb6072",
    "https://deno.land/std@0.192.0/streams/limited_bytes_transform_stream.ts": "05dc592ffaab83257494d22dd53917e56243c26e5e3129b3f13ddbbbc4785048",
    "https://deno.land/std@0.192.0/streams/limited_transform_stream.ts": "d69ab790232c1b86f53621ad41ef03c235f2abb4b7a1cd51960ad6e12ee55e38",
    "https://deno.land/std@0.192.0/streams/merge_readable_streams.ts": "dc2db0cbf1b14d999aa2aa2a2a1ba24ce58953878f29845ed9319321d0a01fab",
    "https://deno.land/std@0.192.0/streams/mod.ts": "c07ec010e700b9ea887dc36ca08729828bc7912f711e4054e24d33fd46282252",
    "https://deno.land/std@0.192.0/streams/read_all.ts": "ee319772fb0fd28302f97343cc48dfcf948f154fd0d755d8efe65814b70533be",
    "https://deno.land/std@0.192.0/streams/readable_stream_from_iterable.ts": "cd4bb9e9bf6dbe84c213beb1f5085c326624421671473e410cfaecad15f01865",
    "https://deno.land/std@0.192.0/streams/readable_stream_from_reader.ts": "bfc416c4576a30aac6b9af22c9dc292c20c6742141ee7c55b5e85460beb0c54e",
    "https://deno.land/std@0.192.0/streams/reader_from_iterable.ts": "55f68110dce3f8f2c87b834d95f153bc904257fc65175f9f2abe78455cb8047c",
    "https://deno.land/std@0.192.0/streams/reader_from_stream_reader.ts": "fa4971e5615a010e49492c5d1688ca1a4d17472a41e98b498ab89a64ebd7ac73",
    "https://deno.land/std@0.192.0/streams/text_delimiter_stream.ts": "20e680ab8b751390e359288ce764f9c47d164af11a263870746eeca4bc7d976b",
    "https://deno.land/std@0.192.0/streams/text_line_stream.ts": "0f2c4b33a5fdb2476f2e060974cba1347cefe99a4af33c28a57524b1a34750fa",
    "https://deno.land/std@0.192.0/streams/to_transform_stream.ts": "7f55fc0b14cf3ed0f8d10d8f41d05bdc40726e44a65c37f58705d10a615f0159",
    "https://deno.land/std@0.192.0/streams/writable_stream_from_writer.ts": "56fff5c82fb736fdd669b567cc0b2bbbe0351002cd13254eae26c366e2bed89a",
    "https://deno.land/std@0.192.0/streams/write_all.ts": "aec90152978581ea62d56bb53a5cbf487e6a89c902f87c5969681ffbdf32b998",
    "https://deno.land/std@0.192.0/streams/writer_from_stream_writer.ts": "07c7ee025151a190f37fc42cbb01ff93afc949119ebddc6e0d0df14df1bf6950",
    "https://deno.land/std@0.192.0/streams/zip_readable_streams.ts": "a9d81aa451240f79230add674809dbee038d93aabe286e2d9671e66591fc86ca",
    "https://deno.land/std@0.211.0/path/_common/assert_path.ts": "2ca275f36ac1788b2acb60fb2b79cb06027198bc2ba6fb7e163efaedde98c297",
    "https://deno.land/std@0.211.0/path/_common/basename.ts": "569744855bc8445f3a56087fd2aed56bdad39da971a8d92b138c9913aecc5fa2",
    "https://deno.land/std@0.211.0/path/_common/constants.ts": "dc5f8057159f4b48cd304eb3027e42f1148cf4df1fb4240774d3492b5d12ac0c",
    "https://deno.land/std@0.211.0/path/_common/strip_trailing_separators.ts": "7024a93447efcdcfeaa9339a98fa63ef9d53de363f1fbe9858970f1bba02655a",
    "https://deno.land/std@0.211.0/path/_os.ts": "8fb9b90fb6b753bd8c77cfd8a33c2ff6c5f5bc185f50de8ca4ac6a05710b2c15",
    "https://deno.land/std@0.211.0/path/basename.ts": "5d341aadb7ada266e2280561692c165771d071c98746fcb66da928870cd47668",
    "https://deno.land/std@0.211.0/path/posix/_util.ts": "1e3937da30f080bfc99fe45d7ed23c47dd8585c5e473b2d771380d3a6937cf9d",
    "https://deno.land/std@0.211.0/path/posix/basename.ts": "39ee27a29f1f35935d3603ccf01d53f3d6e0c5d4d0f84421e65bd1afeff42843",
    "https://deno.land/std@0.211.0/path/windows/_util.ts": "d5f47363e5293fced22c984550d5e70e98e266cc3f31769e1710511803d04808",
    "https://deno.land/std@0.211.0/path/windows/basename.ts": "e2dbf31d1d6385bfab1ce38c333aa290b6d7ae9e0ecb8234a654e583cf22f8fe",
    "https://deno.land/x/grammy@v1.16.0/bot.ts": "885e3b11a5bb16f923dc09d9351bdf2d2bda8cb29dc1c85d0c3930d59b256f68",
    "https://deno.land/x/grammy@v1.16.0/composer.ts": "1d2e164f9934466553d7f9bf9bf2fe65a1f453b7f7ce3cf57066d87382c6dac2",
    "https://deno.land/x/grammy@v1.16.0/context.ts": "eb582b86219d66979c0a1ff06b3c705f7418157687d2f92c74bceabdae968dbf",
    "https://deno.land/x/grammy@v1.16.0/convenience/frameworks.ts": "f89568f28835aaba764a62e1501c8d625ead88d4bfb1f1ba9fd4c4ca2234820f",
    "https://deno.land/x/grammy@v1.16.0/convenience/keyboard.ts": "5d284a61750731e413bd7292c07e48ce1b3e4e69cee87372e3dc69faae7d8b4d",
    "https://deno.land/x/grammy@v1.16.0/convenience/session.ts": "f9b7a0737cb813810731a3c29c3f5f84a457f493f9e7651e132daab9b58b08e9",
    "https://deno.land/x/grammy@v1.16.0/convenience/webhook.ts": "f1da7d6426171fb7b5d5f6b59633f91d3bab9a474eea821f714932650965eb9e",
    "https://deno.land/x/grammy@v1.16.0/core/api.ts": "5d2f479696e273d41a7f87fbf174a9cef7e82f1b7d25e73e8b505dc24c80e423",
    "https://deno.land/x/grammy@v1.16.0/core/client.ts": "8914f13b2cb69f16104a9711e4fea0a4500edd0950736dcc3ac078ab46f7a5ab",
    "https://deno.land/x/grammy@v1.16.0/core/error.ts": "4638b2127ebe60249c78b83011d468f5e1e1a87748d32fe11a8200d9f824ad13",
    "https://deno.land/x/grammy@v1.16.0/core/payload.ts": "420e17c3c2830b5576ea187cfce77578fe09f1204b25c25ea2f220ca7c86e73b",
    "https://deno.land/x/grammy@v1.16.0/filter.ts": "2c341f376bff726ca300e547843abcd989219cd10a05ae612844efaaa2cefe50",
    "https://deno.land/x/grammy@v1.16.0/mod.ts": "6d96b0c7b4c8b9448b9f9903a95a78c3379febd36b0f6485ad567d79b153c794",
    "https://deno.land/x/grammy@v1.16.0/platform.deno.ts": "a6b2425761dd47067de3ad342754b598dc9d931e8bbeb94e647508905e295b20",
    "https://deno.land/x/grammy@v1.16.0/types.deno.ts": "b7378afc2779a4e6aecb274bee0fcf5c69968b0074627686d7ff7e4dba6b7022",
    "https://deno.land/x/grammy@v1.16.0/types.ts": "729415590dfa188dbe924dea614dff4e976babdbabb28a307b869fc25777cdf0",
    "https://deno.land/x/grammy@v1.17.2/bot.ts": "ffce94b3a89ae0709239f444a47a3c3a83ad661db2ec20ec93f116e5c97d8da3",
    "https://deno.land/x/grammy@v1.17.2/composer.ts": "8660f86990f4ef2afc4854a1f2610bb8d60f88116f3a57c8e5515a77b277f82d",
    "https://deno.land/x/grammy@v1.17.2/context.ts": "7fe20f84637b5dd5ff2658a9e4fa0b84008480418a1196698f954eaa79583675",
    "https://deno.land/x/grammy@v1.17.2/convenience/constants.ts": "43543431827be02dcafcbca922c501a2f95e89cdc10623fd9dc0d6c5f8cf0002",
    "https://deno.land/x/grammy@v1.17.2/convenience/frameworks.ts": "4d4e5ecdcb4f48d3b317c35d8201800c45002e1e195af1b5d7609617f4bdc656",
    "https://deno.land/x/grammy@v1.17.2/convenience/inline_query.ts": "409d1940c7670708064efa495003bcbfdf6763a756b2e6303c464489fd3394ff",
    "https://deno.land/x/grammy@v1.17.2/convenience/input_media.ts": "7af72a5fdb1af0417e31b1327003f536ddfdf64e06ab8bc7f5da6b574de38658",
    "https://deno.land/x/grammy@v1.17.2/convenience/keyboard.ts": "21220dc2321c40203c699fa4eb7b07ed8217956ea0477c241a551224a58a278d",
    "https://deno.land/x/grammy@v1.17.2/convenience/session.ts": "f9b7a0737cb813810731a3c29c3f5f84a457f493f9e7651e132daab9b58b08e9",
    "https://deno.land/x/grammy@v1.17.2/convenience/webhook.ts": "f1da7d6426171fb7b5d5f6b59633f91d3bab9a474eea821f714932650965eb9e",
    "https://deno.land/x/grammy@v1.17.2/core/api.ts": "fe30690fb5a32a663780ae28c02a97aeb134b6fc7bc056e32a32ffbd398b62ac",
    "https://deno.land/x/grammy@v1.17.2/core/client.ts": "8914f13b2cb69f16104a9711e4fea0a4500edd0950736dcc3ac078ab46f7a5ab",
    "https://deno.land/x/grammy@v1.17.2/core/error.ts": "4638b2127ebe60249c78b83011d468f5e1e1a87748d32fe11a8200d9f824ad13",
    "https://deno.land/x/grammy@v1.17.2/core/payload.ts": "420e17c3c2830b5576ea187cfce77578fe09f1204b25c25ea2f220ca7c86e73b",
    "https://deno.land/x/grammy@v1.17.2/filter.ts": "edcecb46b38f54b93b9b5892bdce1b194b9ce437706ddba0a166bbc26d0a38c0",
    "https://deno.land/x/grammy@v1.17.2/mod.ts": "b81cccf69779667b36bef5d0373d1567684917a3b9827873f3de7a7e6af1926f",
    "https://deno.land/x/grammy@v1.17.2/platform.deno.ts": "6ba4f12a4df6d2374aa94471db6138d2fe26dec19aa23e13d0794d8dc6e1772f",
    "https://deno.land/x/grammy@v1.17.2/types.deno.ts": "47059ef698d79a6edf853a6b9da8c93b8b7a9bf35ce500208a02a8bad3e33177",
    "https://deno.land/x/grammy@v1.17.2/types.ts": "729415590dfa188dbe924dea614dff4e976babdbabb28a307b869fc25777cdf0",
    "https://deno.land/x/grammy@v1.23.0/bot.ts": "1b7453e899ef2d478047d03fd0da52db3dc4351f892117f06f8cc8c596d1d4ac",
    "https://deno.land/x/grammy@v1.23.0/composer.ts": "a86dcd6c83e91f720ceb85dab2b1c7b966fc18fc6440848b87b4897fcaa63fc8",
    "https://deno.land/x/grammy@v1.23.0/context.ts": "717e14e14189fc33463d3b128f9350fa61a17ac6b3bce24d1eeac3c43023277c",
    "https://deno.land/x/grammy@v1.23.0/convenience/constants.ts": "4df7992fbdac5bca4f7352b6bd7e5b24c391901ff59ee3982570a40d8d6a28a6",
    "https://deno.land/x/grammy@v1.23.0/convenience/frameworks.ts": "6a535734adcef9ca3f662e761fd5ab0067213a13e85340cc932624b4062e9264",
    "https://deno.land/x/grammy@v1.23.0/convenience/inline_query.ts": "409d1940c7670708064efa495003bcbfdf6763a756b2e6303c464489fd3394ff",
    "https://deno.land/x/grammy@v1.23.0/convenience/input_media.ts": "7af72a5fdb1af0417e31b1327003f536ddfdf64e06ab8bc7f5da6b574de38658",
    "https://deno.land/x/grammy@v1.23.0/convenience/keyboard.ts": "88aeab16f2aaf0b4098135b5f7a678f7d2ce288f28c7eba93eaa5553a7395152",
    "https://deno.land/x/grammy@v1.23.0/convenience/session.ts": "931fc31b58c6c9fee1d969505027e060fc5a2784a9219d9303da84e849532071",
    "https://deno.land/x/grammy@v1.23.0/convenience/webhook.ts": "f1da7d6426171fb7b5d5f6b59633f91d3bab9a474eea821f714932650965eb9e",
    "https://deno.land/x/grammy@v1.23.0/core/api.ts": "c75de4cc967eceb3f73b1255f133ede6536f48f3f5fd5dcc3053756feca3146c",
    "https://deno.land/x/grammy@v1.23.0/core/client.ts": "df622a135e71229ffe722406850c9c08b90dcdd4d049b46926128599c73f9dc5",
    "https://deno.land/x/grammy@v1.23.0/core/error.ts": "553ec19e1ec51d8161d7f54891d345533aa07232005575549e8b7c919ee4795e",
    "https://deno.land/x/grammy@v1.23.0/core/payload.ts": "420e17c3c2830b5576ea187cfce77578fe09f1204b25c25ea2f220ca7c86e73b",
    "https://deno.land/x/grammy@v1.23.0/filter.ts": "21b0822681b6bf00e8896928d4024244eb3439bdcc5762b1787b11d256fbf0ff",
    "https://deno.land/x/grammy@v1.23.0/mod.ts": "7723e08709ff7fd01df3e463503e14e4fd1a581669380eed70351e1121e8a833",
    "https://deno.land/x/grammy@v1.23.0/platform.deno.ts": "68272a7e1d9a2d74d8a45342526485dbc0531dee812f675d7f8a4e7fc8393028",
    "https://deno.land/x/grammy@v1.23.0/types.deno.ts": "6677ea9774813cac0853bddcbf3bf8aced4058640dd9c98e6c7f3ebb051d0c87",
    "https://deno.land/x/grammy@v1.23.0/types.ts": "729415590dfa188dbe924dea614dff4e976babdbabb28a307b869fc25777cdf0",
    "https://deno.land/x/grammy_app@v0.2.1/mod.ts": "137780861d50c52c83ac206c7f563ac425c015c232cf5fbb021ef80581870b5b",
    "https://deno.land/x/grammy_app@v0.2.1/src/app.ts": "2367ab54e0f1888a6ff257bea380591b844e1d08203dc3f9508b086272cd808c",
    "https://deno.land/x/grammy_app@v0.2.1/src/deps.ts": "f9691a52424fb6c289b30a40c865a17b06b7064db938231b46c2bd3e90d0932f",
    "https://deno.land/x/grammy_app@v0.2.1/src/middlewares.ts": "9accb76cb31cff019d30d0a4a1ec21b1f999b4db2d5689f776d64a683d285e5d",
    "https://deno.land/x/grammy_app@v0.2.1/src/types.ts": "38afcd9ef3b7e63001d55093f248a9dc493bd1a6d41568e8cfd8a33220e2259f",
    "https://deno.land/x/grammy_handler@v0.1/mod.ts": "5f4da3610574b9798c45a0b12cb3e0db37fc710ea53fcf8ba8091d796dbb855e",
    "https://deno.land/x/grammy_handler@v0.1/src/core.ts": "8cef44636697d5cef06c516f98eb5908eaacde1696dc44626848504d5d712408",
    "https://deno.land/x/grammy_handler@v0.1/src/deps.ts": "cbf8df2e67976da426f5222964e7e9678bcd024ca298a3f2d78ee1662fb3ffbb",
    "https://deno.land/x/grammy_handler@v0.1/src/handler.ts": "e08c4b1f1d6fbbc29b442310e7cfa5e25da8fa3cde2ff1b88451211e0ac43171",
    "https://deno.land/x/grammy_parse_mode@1.7.1/deps.deno.ts": "5297e947875ce8ea523e237bbbfa1eb7c709ed8d76dbeeb8d1a5128182a6753b",
    "https://deno.land/x/grammy_parse_mode@1.7.1/format.ts": "dcc1b404dba768971b23b8abf1451e27e120e9919abd4b83920fec8e2596f988",
    "https://deno.land/x/grammy_parse_mode@1.7.1/hydrate.ts": "58e6887ede8319b6f4001bc3e007130c09ba40ca7eaada1387c77a510c9e6b6c",
    "https://deno.land/x/grammy_parse_mode@1.7.1/mod.ts": "58b539ea91fa72c1fd66dd5415b6c4b63104301b07d9daf860bd66343db7062c",
    "https://deno.land/x/grammy_parse_mode@1.7.1/transformer.ts": "794d49c27e62b024d3733759aaafab9043fcdacd4fe53a8d7d4703b39f4f049e",
    "https://deno.land/x/grammy_r@v0.1/mod.ts": "f504c6ec7ce9519f7e5badda4fd055d046a320a807bd4e1dd06f018406f82b13",
    "https://deno.land/x/grammy_r@v0.1/src/deps.ts": "7f9c858d93d3438865d8dc0103ccd48fd7d394c56affe6f988cb74c190628404",
    "https://deno.land/x/grammy_r@v0.1/src/middleware.ts": "f131d20e6e1d15669ff8bafa7e65a9763699d64176644338e08fd9d37a424698",
    "https://deno.land/x/grammy_r@v0.1/src/types.ts": "f0d762715307b3cc59f7ff2e04cc344c4dfe06c420e55d543f69f87c62b51879",
    "https://deno.land/x/grammy_runner@v2.0.3/deps.deno.ts": "bbbaffd1020e0c91acacf02fbc43cdaee04f1d63446cb6a42255d36a0c0e86d4",
    "https://deno.land/x/grammy_runner@v2.0.3/distribute.ts": "318ed928c437ce0a09956abfa40c0b937bb507dc276bc3db5d571e15a4d1ede1",
    "https://deno.land/x/grammy_runner@v2.0.3/mod.ts": "53c08b39527b0b47ffdf4c5996bc3cfbac802ab37074a7b900b2a63d3db273d3",
    "https://deno.land/x/grammy_runner@v2.0.3/platform.deno.ts": "5990d453979176708af79baea54ba2bc4bdc662079f088ce7668b9f4d1962b8c",
    "https://deno.land/x/grammy_runner@v2.0.3/queue.ts": "d715f98096405c558c2657ef245b5acd1b5de916eed39dbad1399db18e57e0f7",
    "https://deno.land/x/grammy_runner@v2.0.3/runner.ts": "2600b9bd39e724d5c629c94e541f497868dfde6cf55be7745dc1d777c8a8b180",
    "https://deno.land/x/grammy_runner@v2.0.3/sequentialize.ts": "137764a109ff3fe4bc8809b6d1d8865ed5c2ad8b649e7553b10302d70bf2e7fb",
    "https://deno.land/x/grammy_runner@v2.0.3/sink.ts": "4c0acb814dee97ffffaea145413b53ccf64c0b00f105b0993383f25111ed8702",
    "https://deno.land/x/grammy_runner@v2.0.3/source.ts": "68ce5aefa92205db4710c8ac313e0c8e8c2577dd1b88f350b32ee33549188d01",
    "https://deno.land/x/grammy_runner@v2.0.3/worker.ts": "b6f88b9fde15a8dd892c8d4781e8010ef37b80faf04d6ad18db4a43e4faa42ad",
    "https://deno.land/x/grammy_storages@v2.3.0/denokv/src/adapter.ts": "b4fe3ae26794786ab4d8082ef393d8f1c518271fbcc13fdf088bddfa26ac6069",
    "https://deno.land/x/grammy_storages@v2.3.0/denokv/src/deps.ts": "13bb68745f9737e6f06164a2bb674e4655fb3554e2461cf75a1787c947422346",
    "https://deno.land/x/grammy_storages@v2.3.0/denokv/src/mod.ts": "e1dac7718b7f09e478bcd73b1efab26956f8328b9b39e9d922088bd7e2cc44d7",
    "https://deno.land/x/grammy_transformer_throttler@v1.2.1/deps.deno.ts": "07206f3858fdf585ad2fe96a1feef84330528208255da7018873de839014f28f",
    "https://deno.land/x/grammy_transformer_throttler@v1.2.1/mod.ts": "5a4d2132f9fb641a44233257bbb012b3157ccd3b377126a586b64a00a69719a9",
    "https://deno.land/x/grammy_types@v3.1.1/api.ts": "efc90a31eb6f59ae5e7a4cf5838f46529e2fa6fa7e97a51a82dbd28afad21592",
    "https://deno.land/x/grammy_types@v3.1.1/inline.ts": "8b94cee32f193dc5c689202a78d6525f6c167cc3e10b5e568c0315f654654586",
    "https://deno.land/x/grammy_types@v3.1.1/manage.ts": "0872ba14a17318bc9a3b8911bea2f24e92bae84a9d0493251454a7b03c357614",
    "https://deno.land/x/grammy_types@v3.1.1/markup.ts": "73348ed0be8926a3057fe7d9e60212326b65bb0fe7848f3cf198dd0eb42734f4",
    "https://deno.land/x/grammy_types@v3.1.1/message.ts": "e21f2df52dd1948353a93db742bcc3b4deacf9f7117b70c358bde7042d79cf83",
    "https://deno.land/x/grammy_types@v3.1.1/methods.ts": "91d345f824360650c1c2aaaebb1bed8bab7df0bb38570cc7a5c58f9b7bb2c658",
    "https://deno.land/x/grammy_types@v3.1.1/mod.ts": "42b1229baba254db0e5b9232580940e3c14e02048d5a982d29c67d2c86dc14e0",
    "https://deno.land/x/grammy_types@v3.1.1/passport.ts": "e3fb63aec96510bcc317ef48fd25b435444b8f407502d7568c00fce15f2958fd",
    "https://deno.land/x/grammy_types@v3.1.1/payment.ts": "d23e9038c5b479b606e620dd84e3e67b6642ada110a962f2d5b5286e99ec7de5",
    "https://deno.land/x/grammy_types@v3.1.1/settings.ts": "5e989f5bd6c587d55673bd8052293869aa2f372e9223dd7f6e28632bfe021b6e",
    "https://deno.land/x/grammy_types@v3.1.1/update.ts": "b60c2aa5f8060a3fa429dda282cb5c7267899fa17bb9000e248f31abadfb5087",
    "https://deno.land/x/grammy_types@v3.1.2/api.ts": "efc90a31eb6f59ae5e7a4cf5838f46529e2fa6fa7e97a51a82dbd28afad21592",
    "https://deno.land/x/grammy_types@v3.1.2/inline.ts": "8b94cee32f193dc5c689202a78d6525f6c167cc3e10b5e568c0315f654654586",
    "https://deno.land/x/grammy_types@v3.1.2/manage.ts": "0872ba14a17318bc9a3b8911bea2f24e92bae84a9d0493251454a7b03c357614",
    "https://deno.land/x/grammy_types@v3.1.2/markup.ts": "73348ed0be8926a3057fe7d9e60212326b65bb0fe7848f3cf198dd0eb42734f4",
    "https://deno.land/x/grammy_types@v3.1.2/message.ts": "e21f2df52dd1948353a93db742bcc3b4deacf9f7117b70c358bde7042d79cf83",
    "https://deno.land/x/grammy_types@v3.1.2/methods.ts": "91d345f824360650c1c2aaaebb1bed8bab7df0bb38570cc7a5c58f9b7bb2c658",
    "https://deno.land/x/grammy_types@v3.1.2/mod.ts": "7b5f421b4fbb1761f7f0d68328eaddd515f3222ce3f3cdfbedd8d5a4781e91a7",
    "https://deno.land/x/grammy_types@v3.1.2/passport.ts": "e3fb63aec96510bcc317ef48fd25b435444b8f407502d7568c00fce15f2958fd",
    "https://deno.land/x/grammy_types@v3.1.2/payment.ts": "d23e9038c5b479b606e620dd84e3e67b6642ada110a962f2d5b5286e99ec7de5",
    "https://deno.land/x/grammy_types@v3.1.2/settings.ts": "5e989f5bd6c587d55673bd8052293869aa2f372e9223dd7f6e28632bfe021b6e",
    "https://deno.land/x/grammy_types@v3.1.2/update.ts": "b60c2aa5f8060a3fa429dda282cb5c7267899fa17bb9000e248f31abadfb5087",
    "https://deno.land/x/grammy_types@v3.7.0/api.ts": "ae04d6628e3d25ae805bc07a19475065044fc44cde0a40877405bc3544d03a5f",
    "https://deno.land/x/grammy_types@v3.7.0/inline.ts": "5d298c0c8324633f3c2341c5ad6035dd4a09431de633628c31358c635ef7e620",
    "https://deno.land/x/grammy_types@v3.7.0/manage.ts": "1520ae589dbfcdbfba1b8dcf5486c18ec880aaa7382e2ccf4f9176e8f79aa0e9",
    "https://deno.land/x/grammy_types@v3.7.0/markup.ts": "386a81f6b61c2f3d529353e91406839c59b9886afe3d4c9d97733611792181df",
    "https://deno.land/x/grammy_types@v3.7.0/message.ts": "43dde0dd8d4d5a0ff569cd425b8fe28081480e3b800da4b7805ef7d0440bd1e9",
    "https://deno.land/x/grammy_types@v3.7.0/methods.ts": "56e2b5a19b6d3ec365e85e09eeab9e2b8585ad5b2a36aef26966bdb4c309607a",
    "https://deno.land/x/grammy_types@v3.7.0/mod.ts": "7b5f421b4fbb1761f7f0d68328eaddd515f3222ce3f3cdfbedd8d5a4781e91a7",
    "https://deno.land/x/grammy_types@v3.7.0/passport.ts": "19820e7d6c279521f8bc8912d6a378239f73d4ab525453808994b5f44ef95215",
    "https://deno.land/x/grammy_types@v3.7.0/payment.ts": "d23e9038c5b479b606e620dd84e3e67b6642ada110a962f2d5b5286e99ec7de5",
    "https://deno.land/x/grammy_types@v3.7.0/settings.ts": "5e989f5bd6c587d55673bd8052293869aa2f372e9223dd7f6e28632bfe021b6e",
    "https://deno.land/x/grammy_types@v3.7.0/update.ts": "7033ebfbecf6fbbd2d68f7a3550c9b04e553228a2143104fc63c42dd7f8f6881",
    "https://deno.land/x/my_grammy@v0.0.10/bot.ts": "76c9cf9753fd89fed30df604ea400b738ba6bbd39f007d8475345b35cfdc5245",
    "https://deno.land/x/my_grammy@v0.0.10/deps.ts": "0b487f13ae236e7e7268818dbd8c43e94b75e6bc120898dbf68393365c290586",
    "https://deno.land/x/my_grammy@v0.0.10/markup.ts": "6b0b77744b1049b1d7c38d4859a35531cb535af81370723ddb16cff38160f19d",
    "https://deno.land/x/my_grammy@v0.0.10/messageCollector.ts": "2c0dac862861bf47edb1ca8496d57eb40e9bfda142fae331412a6bc603bfe360",
    "https://deno.land/x/my_grammy@v0.0.10/mod.ts": "f2eaa3a3598078651def6b285234f6f8f763535fe0dda6775dd25ca1eebb00cc",
    "https://deno.land/x/my_grammy@v0.0.10/msg.ts": "55cd2fe55e2942c4adb66525893e163c1c1e93bfc210ab49f5817dc2e9e3a536",
    "https://deno.land/x/my_grammy@v0.0.10/observer.ts": "c197f3e2d9cc219ad9532dc514f44e9a40b04b2d4f452da443dcebe84b9212a6",
    "https://deno.land/x/my_grammy@v0.0.10/types.ts": "079c238dc7b9517d1aa90ed5d066ff165438c3fb47bcfd4ceb04363c628c43d5",
    "https://deno.land/x/parse_env@v0.0.1post1/mod.ts": "d8ea538ab4a3996bc8c59abebdd15f53344158362c854dcdb4659e0dead8ad5f",
    "https://deno.land/x/parse_env@v0.0.3/mod.ts": "925e2d4020216cf6ce28d707b88e309dde419c6f670e6106089dafdd6179a714",
    "https://deno.land/x/sleep@v1.2.1/mod.ts": "f2d3c9e1ef1fb2852f580f6960384bed36bc18a2da357c35f11a089fcca44273",
    "https://deno.land/x/sleep@v1.2.1/sleep.ts": "2426efe5d3ce5de0b8af08bd36a8700deb5dc60e752f5f8f05d5e815a7e8cb0e",
    "https://esm.sh/@grammyjs/auto-retry@1.1.1": "e8fbf3e1084fb55de11f8253fde1ab1dffa9362caa37ac0c6ee5524d55ad5651",
    "https://esm.sh/@grammyjs/types@2.12.1": "aacf1554a7ac89f355c41ae5e323c5ba16fabe1300d6c0215490ec521a6879a7",
    "https://esm.sh/bottleneck@2.19.5": "971c96739a943ec35ec29edc0208adf4bfea79e72a6d04f69a9c84e72baf1211",
    "https://esm.sh/v127/@grammyjs/auto-retry@1.1.1/denonext/auto-retry.mjs": "edec78738089752385e82695960db2644c6573721698a1486b023cd3343f3afb",
    "https://esm.sh/v127/bottleneck@2.19.5/denonext/bottleneck.mjs": "553e2770ebf80e30b5ceda2a29d158f983090d11eab0d5301e0843ab54417e95",
    "https://esm.sh/v135/@grammyjs/types@2.12.1/denonext/types.mjs": "3636f7a1ca7fef89fa735d832b72193a834bc7f5250b6bf182544be53a6ab218"
  }
}
